# This file is automatically @generated by Cargo.
# It is not intended for manual editing.
version = 4

[[package]]
name = "tmx-adapters"
version = "0.1.0"
dependencies = [
 "tmx-core",
 "tmx-schema",
]

[[package]]
name = "tmx-cli"
version = "0.1.0"
dependencies = [
 "tmx-adapters",
 "tmx-core",
 "tmx-schema",
]

[[package]]
name = "tmx-core"
version = "0.1.0"
dependencies = [
 "tmx-schema",
]

[[package]]
name = "tmx-schema"
version = "0.1.0"

[[package]]
name = "tmx-testkit"
version = "0.1.0"
dependencies = [
 "tmx-core",
 "tmx-schema",
]
